
Microsoft Visual Studio Solution File, Format Version 12.00
# Visual Studio Version 17
VisualStudioVersion = 17.1.32210.238
MinimumVisualStudioVersion = 10.0.40219.1
Project("{FAE04EC0-301F-11D3-BF4B-00C04F79EFBC}") = "Task1Strings", "Task1Strings.csproj", "{C50F6246-A9A5-49AA-9B2C-0FDB709C299D}"
EndProject
Global
	GlobalSection(SolutionConfigurationPlatforms) = preSolution
		Debug|Any CPU = Debug|Any CPU
		Release|Any CPU = Release|Any CPU
	EndGlobalSection
	GlobalSection(ProjectConfigurationPlatforms) = postSolution
		{C50F6246-A9A5-49AA-9B2C-0FDB709C299D}.Debug|Any CPU.ActiveCfg = Debug|Any CPU
		{C50F6246-A9A5-49AA-9B2C-0FDB709C299D}.Debug|Any CPU.Build.0 = Debug|Any CPU
		{C50F6246-A9A5-49AA-9B2C-0FDB709C299D}.Release|Any CPU.ActiveCfg = Release|Any CPU
		{C50F6246-A9A5-49AA-9B2C-0FDB709C299D}.Release|Any CPU.Build.0 = Release|Any CPU
	EndGlobalSection
	GlobalSection(SolutionProperties) = preSolution
		HideSolutionNode = FALSE
	EndGlobalSection
	GlobalSection(ExtensibilityGlobals) = postSolution
		SolutionGuid = {D816C701-4A4C-4D66-8873-71CDFE40C3FB}
	EndGlobalSection
EndGlobal
